
Microsoft Visual Studio Solution File, Format Version 12.00
# Visual Studio Version 16
VisualStudioVersion = 25.0.1706.12
MinimumVisualStudioVersion = 10.0.40219.1
Project("{FAE04EC0-301F-11D3-BF4B-00C04F79EFBC}") = "MyTodoApp", "MyTodoApp\MyTodoApp.csproj", "{9A588CDB-B06B-4D28-BDB8-F9D197A731DB}"
EndProject
Global
	GlobalSection(SolutionConfigurationPlatforms) = preSolution
		Debug|Any CPU = Debug|Any CPU
		Release|Any CPU = Release|Any CPU
	EndGlobalSection
	GlobalSection(ProjectConfigurationPlatforms) = postSolution
		{9A588CDB-B06B-4D28-BDB8-F9D197A731DB}.Debug|Any CPU.ActiveCfg = Debug|Any CPU
		{9A588CDB-B06B-4D28-BDB8-F9D197A731DB}.Debug|Any CPU.Build.0 = Debug|Any CPU
		{9A588CDB-B06B-4D28-BDB8-F9D197A731DB}.Release|Any CPU.ActiveCfg = Release|Any CPU
		{9A588CDB-B06B-4D28-BDB8-F9D197A731DB}.Release|Any CPU.Build.0 = Release|Any CPU
	EndGlobalSection
	GlobalSection(SolutionProperties) = preSolution
		HideSolutionNode = FALSE
	EndGlobalSection
	GlobalSection(ExtensibilityGlobals) = postSolution
		SolutionGuid = {475132FE-2506-4A86-8BE4-A40FFA9D454D}
	EndGlobalSection
EndGlobal
